
Microsoft Visual Studio Solution File, Format Version 12.00
# Visual Studio Version 16
VisualStudioVersion = 16.0.31112.23
MinimumVisualStudioVersion = 10.0.40219.1
Project("{FAE04EC0-301F-11D3-BF4B-00C04F79EFBC}") = "BooManagerApi", "BooManagerApi.csproj", "{8FE4E8F1-FFEE-4830-BF31-A6D114502F9D}"
EndProject
Global
	GlobalSection(SolutionConfigurationPlatforms) = preSolution
		Debug|Any CPU = Debug|Any CPU
		Release|Any CPU = Release|Any CPU
	EndGlobalSection
	GlobalSection(ProjectConfigurationPlatforms) = postSolution
		{8FE4E8F1-FFEE-4830-BF31-A6D114502F9D}.Debug|Any CPU.ActiveCfg = Debug|Any CPU
		{8FE4E8F1-FFEE-4830-BF31-A6D114502F9D}.Debug|Any CPU.Build.0 = Debug|Any CPU
		{8FE4E8F1-FFEE-4830-BF31-A6D114502F9D}.Release|Any CPU.ActiveCfg = Release|Any CPU
		{8FE4E8F1-FFEE-4830-BF31-A6D114502F9D}.Release|Any CPU.Build.0 = Release|Any CPU
	EndGlobalSection
	GlobalSection(SolutionProperties) = preSolution
		HideSolutionNode = FALSE
	EndGlobalSection
	GlobalSection(ExtensibilityGlobals) = postSolution
		SolutionGuid = {AA9FAFED-ECA4-4198-90E7-8D97E0119A7A}
	EndGlobalSection
EndGlobal
